
Microsoft Visual Studio Solution File, Format Version 12.00
# Visual Studio for Mac
Project("{FAE04EC0-301F-11D3-BF4B-00C04F79EFBC}") = "Assembly-CSharp", "Assembly-CSharp.csproj", "{F4824DF2-FABB-0BA9-8CF0-CA624F7C2C61}"
EndProject
Project("{FAE04EC0-301F-11D3-BF4B-00C04F79EFBC}") = "NavMeshComponents", "NavMeshComponents.csproj", "{B7B6F85C-4F36-FABB-6EE2-4CFE73001A43}"
EndProject
Project("{FAE04EC0-301F-11D3-BF4B-00C04F79EFBC}") = "NavMeshComponentsEditor", "NavMeshComponentsEditor.csproj", "{C5A1AF19-0A90-7D17-E2DA-CD86449D898B}"
EndProject
Project("{FAE04EC0-301F-11D3-BF4B-00C04F79EFBC}") = "Assembly-CSharp-Editor", "Assembly-CSharp-Editor.csproj", "{DBCA6509-4143-5966-8018-025FC68D76B2}"
EndProject
Global
	GlobalSection(SolutionConfigurationPlatforms) = preSolution
		Debug|Any CPU = Debug|Any CPU
		Release|Any CPU = Release|Any CPU
	EndGlobalSection
	GlobalSection(ProjectConfigurationPlatforms) = postSolution
		{F4824DF2-FABB-0BA9-8CF0-CA624F7C2C61}.Debug|Any CPU.ActiveCfg = Debug|Any CPU
		{F4824DF2-FABB-0BA9-8CF0-CA624F7C2C61}.Debug|Any CPU.Build.0 = Debug|Any CPU
		{F4824DF2-FABB-0BA9-8CF0-CA624F7C2C61}.Release|Any CPU.ActiveCfg = Release|Any CPU
		{F4824DF2-FABB-0BA9-8CF0-CA624F7C2C61}.Release|Any CPU.Build.0 = Release|Any CPU
		{B7B6F85C-4F36-FABB-6EE2-4CFE73001A43}.Debug|Any CPU.ActiveCfg = Debug|Any CPU
		{B7B6F85C-4F36-FABB-6EE2-4CFE73001A43}.Debug|Any CPU.Build.0 = Debug|Any CPU
		{B7B6F85C-4F36-FABB-6EE2-4CFE73001A43}.Release|Any CPU.ActiveCfg = Release|Any CPU
		{B7B6F85C-4F36-FABB-6EE2-4CFE73001A43}.Release|Any CPU.Build.0 = Release|Any CPU
		{C5A1AF19-0A90-7D17-E2DA-CD86449D898B}.Debug|Any CPU.ActiveCfg = Debug|Any CPU
		{C5A1AF19-0A90-7D17-E2DA-CD86449D898B}.Debug|Any CPU.Build.0 = Debug|Any CPU
		{C5A1AF19-0A90-7D17-E2DA-CD86449D898B}.Release|Any CPU.ActiveCfg = Release|Any CPU
		{C5A1AF19-0A90-7D17-E2DA-CD86449D898B}.Release|Any CPU.Build.0 = Release|Any CPU
		{DBCA6509-4143-5966-8018-025FC68D76B2}.Debug|Any CPU.ActiveCfg = Debug|Any CPU
		{DBCA6509-4143-5966-8018-025FC68D76B2}.Debug|Any CPU.Build.0 = Debug|Any CPU
		{DBCA6509-4143-5966-8018-025FC68D76B2}.Release|Any CPU.ActiveCfg = Release|Any CPU
		{DBCA6509-4143-5966-8018-025FC68D76B2}.Release|Any CPU.Build.0 = Release|Any CPU
	EndGlobalSection
	GlobalSection(SolutionProperties) = preSolution
		HideSolutionNode = FALSE
	EndGlobalSection
EndGlobal
